
Microsoft Visual Studio Solution File, Format Version 12.00
# Visual Studio Version 17
VisualStudioVersion = 17.0.32112.339
MinimumVisualStudioVersion = 10.0.40219.1
Project("{8BC9CEB8-8B4A-11D0-8D11-00A0C91BC942}") = "Saylor_MOOC", "Saylor_MOOC\Saylor_MOOC.vcxproj", "{4768632D-73C3-4E94-B8AB-8EC621A169C2}"
EndProject
Project("{8BC9CEB8-8B4A-11D0-8D11-00A0C91BC942}") = "TRIALS", "..\TRIALS\TRIALS\TRIALS.vcxproj", "{F1ACB9AD-EA78-4658-8E79-F52DCF436CC6}"
EndProject
Project("{2150E333-8FDC-42A3-9474-1A3956D46DE8}") = "Solution Items", "Solution Items", "{D4BABA82-4D86-48A5-8EAE-1188733C52D7}"
EndProject
Global
	GlobalSection(SolutionConfigurationPlatforms) = preSolution
		Debug|x64 = Debug|x64
		Debug|x86 = Debug|x86
		Release|x64 = Release|x64
		Release|x86 = Release|x86
	EndGlobalSection
	GlobalSection(ProjectConfigurationPlatforms) = postSolution
		{4768632D-73C3-4E94-B8AB-8EC621A169C2}.Debug|x64.ActiveCfg = Debug|x64
		{4768632D-73C3-4E94-B8AB-8EC621A169C2}.Debug|x64.Build.0 = Debug|x64
		{4768632D-73C3-4E94-B8AB-8EC621A169C2}.Debug|x86.ActiveCfg = Debug|Win32
		{4768632D-73C3-4E94-B8AB-8EC621A169C2}.Debug|x86.Build.0 = Debug|Win32
		{4768632D-73C3-4E94-B8AB-8EC621A169C2}.Release|x64.ActiveCfg = Release|x64
		{4768632D-73C3-4E94-B8AB-8EC621A169C2}.Release|x64.Build.0 = Release|x64
		{4768632D-73C3-4E94-B8AB-8EC621A169C2}.Release|x86.ActiveCfg = Release|Win32
		{4768632D-73C3-4E94-B8AB-8EC621A169C2}.Release|x86.Build.0 = Release|Win32
		{F1ACB9AD-EA78-4658-8E79-F52DCF436CC6}.Debug|x64.ActiveCfg = Debug|x64
		{F1ACB9AD-EA78-4658-8E79-F52DCF436CC6}.Debug|x64.Build.0 = Debug|x64
		{F1ACB9AD-EA78-4658-8E79-F52DCF436CC6}.Debug|x86.ActiveCfg = Debug|Win32
		{F1ACB9AD-EA78-4658-8E79-F52DCF436CC6}.Debug|x86.Build.0 = Debug|Win32
		{F1ACB9AD-EA78-4658-8E79-F52DCF436CC6}.Release|x64.ActiveCfg = Release|x64
		{F1ACB9AD-EA78-4658-8E79-F52DCF436CC6}.Release|x64.Build.0 = Release|x64
		{F1ACB9AD-EA78-4658-8E79-F52DCF436CC6}.Release|x86.ActiveCfg = Release|Win32
		{F1ACB9AD-EA78-4658-8E79-F52DCF436CC6}.Release|x86.Build.0 = Release|Win32
	EndGlobalSection
	GlobalSection(SolutionProperties) = preSolution
		HideSolutionNode = FALSE
	EndGlobalSection
	GlobalSection(ExtensibilityGlobals) = postSolution
		SolutionGuid = {18557CF3-98E5-4DBE-92C5-597BF024F09F}
	EndGlobalSection
EndGlobal
